
Microsoft Visual Studio Solution File, Format Version 12.00
# Visual Studio 15
VisualStudioVersion = 15.0.28307.902
MinimumVisualStudioVersion = 10.0.40219.1
Project("{FAE04EC0-301F-11D3-BF4B-00C04F79EFBC}") = "KSMrp", "KSMrp\KSMrp.csproj", "{D83CFC41-CCFE-455C-BCC0-191A6B99E913}"
EndProject
Project("{FAE04EC0-301F-11D3-BF4B-00C04F79EFBC}") = "nsKXMSUC", "nsKXMSUC\nsKXMSUC.csproj", "{E7EF08C4-9C68-42E8-BCF7-1603AE5C6328}"
EndProject
Global
	GlobalSection(SolutionConfigurationPlatforms) = preSolution
		Debug|Any CPU = Debug|Any CPU
		Release|Any CPU = Release|Any CPU
	EndGlobalSection
	GlobalSection(ProjectConfigurationPlatforms) = postSolution
		{D83CFC41-CCFE-455C-BCC0-191A6B99E913}.Debug|Any CPU.ActiveCfg = Debug|Any CPU
		{D83CFC41-CCFE-455C-BCC0-191A6B99E913}.Debug|Any CPU.Build.0 = Debug|Any CPU
		{D83CFC41-CCFE-455C-BCC0-191A6B99E913}.Release|Any CPU.ActiveCfg = Release|Any CPU
		{D83CFC41-CCFE-455C-BCC0-191A6B99E913}.Release|Any CPU.Build.0 = Release|Any CPU
		{E7EF08C4-9C68-42E8-BCF7-1603AE5C6328}.Debug|Any CPU.ActiveCfg = Debug|Any CPU
		{E7EF08C4-9C68-42E8-BCF7-1603AE5C6328}.Debug|Any CPU.Build.0 = Debug|Any CPU
		{E7EF08C4-9C68-42E8-BCF7-1603AE5C6328}.Release|Any CPU.ActiveCfg = Release|Any CPU
		{E7EF08C4-9C68-42E8-BCF7-1603AE5C6328}.Release|Any CPU.Build.0 = Release|Any CPU
	EndGlobalSection
	GlobalSection(SolutionProperties) = preSolution
		HideSolutionNode = FALSE
	EndGlobalSection
	GlobalSection(ExtensibilityGlobals) = postSolution
		SolutionGuid = {5F226DCC-F2D7-4BE1-B574-BA184C9A8008}
	EndGlobalSection
EndGlobal
